
Microsoft Visual Studio Solution File, Format Version 12.00
# Visual Studio 15
VisualStudioVersion = 15.0.26124.0
MinimumVisualStudioVersion = 15.0.26124.0
Project("{FAE04EC0-301F-11D3-BF4B-00C04F79EFBC}") = "Assignment.API", "Assignment.API\Assignment.API.csproj", "{485843CE-41FB-43EE-B8AA-AB641B622EF1}"
EndProject
Project("{FAE04EC0-301F-11D3-BF4B-00C04F79EFBC}") = "Assignment.Core", "Assignment.Core\Assignment.Core.csproj", "{DFDD66AA-6820-417D-A29C-A1B4D8F81D40}"
EndProject
Project("{FAE04EC0-301F-11D3-BF4B-00C04F79EFBC}") = "Assignment.Data", "Assignment.Data\Assignment.Data.csproj", "{B23B2F11-8A20-4E34-82C5-F4E0B03F0FEF}"
EndProject
Project("{FAE04EC0-301F-11D3-BF4B-00C04F79EFBC}") = "Assignment.Business", "Assignment.Business\Assignment.Business.csproj", "{07052A41-1703-4CB9-812C-A4479C0B5A58}"
EndProject
Global
	GlobalSection(SolutionConfigurationPlatforms) = preSolution
		Debug|Any CPU = Debug|Any CPU
		Debug|x64 = Debug|x64
		Debug|x86 = Debug|x86
		Release|Any CPU = Release|Any CPU
		Release|x64 = Release|x64
		Release|x86 = Release|x86
	EndGlobalSection
	GlobalSection(SolutionProperties) = preSolution
		HideSolutionNode = FALSE
	EndGlobalSection
	GlobalSection(ProjectConfigurationPlatforms) = postSolution
		{485843CE-41FB-43EE-B8AA-AB641B622EF1}.Debug|Any CPU.ActiveCfg = Debug|Any CPU
		{485843CE-41FB-43EE-B8AA-AB641B622EF1}.Debug|Any CPU.Build.0 = Debug|Any CPU
		{485843CE-41FB-43EE-B8AA-AB641B622EF1}.Debug|x64.ActiveCfg = Debug|Any CPU
		{485843CE-41FB-43EE-B8AA-AB641B622EF1}.Debug|x64.Build.0 = Debug|Any CPU
		{485843CE-41FB-43EE-B8AA-AB641B622EF1}.Debug|x86.ActiveCfg = Debug|Any CPU
		{485843CE-41FB-43EE-B8AA-AB641B622EF1}.Debug|x86.Build.0 = Debug|Any CPU
		{485843CE-41FB-43EE-B8AA-AB641B622EF1}.Release|Any CPU.ActiveCfg = Release|Any CPU
		{485843CE-41FB-43EE-B8AA-AB641B622EF1}.Release|Any CPU.Build.0 = Release|Any CPU
		{485843CE-41FB-43EE-B8AA-AB641B622EF1}.Release|x64.ActiveCfg = Release|Any CPU
		{485843CE-41FB-43EE-B8AA-AB641B622EF1}.Release|x64.Build.0 = Release|Any CPU
		{485843CE-41FB-43EE-B8AA-AB641B622EF1}.Release|x86.ActiveCfg = Release|Any CPU
		{485843CE-41FB-43EE-B8AA-AB641B622EF1}.Release|x86.Build.0 = Release|Any CPU
		{DFDD66AA-6820-417D-A29C-A1B4D8F81D40}.Debug|Any CPU.ActiveCfg = Debug|Any CPU
		{DFDD66AA-6820-417D-A29C-A1B4D8F81D40}.Debug|Any CPU.Build.0 = Debug|Any CPU
		{DFDD66AA-6820-417D-A29C-A1B4D8F81D40}.Debug|x64.ActiveCfg = Debug|Any CPU
		{DFDD66AA-6820-417D-A29C-A1B4D8F81D40}.Debug|x64.Build.0 = Debug|Any CPU
		{DFDD66AA-6820-417D-A29C-A1B4D8F81D40}.Debug|x86.ActiveCfg = Debug|Any CPU
		{DFDD66AA-6820-417D-A29C-A1B4D8F81D40}.Debug|x86.Build.0 = Debug|Any CPU
		{DFDD66AA-6820-417D-A29C-A1B4D8F81D40}.Release|Any CPU.ActiveCfg = Release|Any CPU
		{DFDD66AA-6820-417D-A29C-A1B4D8F81D40}.Release|Any CPU.Build.0 = Release|Any CPU
		{DFDD66AA-6820-417D-A29C-A1B4D8F81D40}.Release|x64.ActiveCfg = Release|Any CPU
		{DFDD66AA-6820-417D-A29C-A1B4D8F81D40}.Release|x64.Build.0 = Release|Any CPU
		{DFDD66AA-6820-417D-A29C-A1B4D8F81D40}.Release|x86.ActiveCfg = Release|Any CPU
		{DFDD66AA-6820-417D-A29C-A1B4D8F81D40}.Release|x86.Build.0 = Release|Any CPU
		{B23B2F11-8A20-4E34-82C5-F4E0B03F0FEF}.Debug|Any CPU.ActiveCfg = Debug|Any CPU
		{B23B2F11-8A20-4E34-82C5-F4E0B03F0FEF}.Debug|Any CPU.Build.0 = Debug|Any CPU
		{B23B2F11-8A20-4E34-82C5-F4E0B03F0FEF}.Debug|x64.ActiveCfg = Debug|Any CPU
		{B23B2F11-8A20-4E34-82C5-F4E0B03F0FEF}.Debug|x64.Build.0 = Debug|Any CPU
		{B23B2F11-8A20-4E34-82C5-F4E0B03F0FEF}.Debug|x86.ActiveCfg = Debug|Any CPU
		{B23B2F11-8A20-4E34-82C5-F4E0B03F0FEF}.Debug|x86.Build.0 = Debug|Any CPU
		{B23B2F11-8A20-4E34-82C5-F4E0B03F0FEF}.Release|Any CPU.ActiveCfg = Release|Any CPU
		{B23B2F11-8A20-4E34-82C5-F4E0B03F0FEF}.Release|Any CPU.Build.0 = Release|Any CPU
		{B23B2F11-8A20-4E34-82C5-F4E0B03F0FEF}.Release|x64.ActiveCfg = Release|Any CPU
		{B23B2F11-8A20-4E34-82C5-F4E0B03F0FEF}.Release|x64.Build.0 = Release|Any CPU
		{B23B2F11-8A20-4E34-82C5-F4E0B03F0FEF}.Release|x86.ActiveCfg = Release|Any CPU
		{B23B2F11-8A20-4E34-82C5-F4E0B03F0FEF}.Release|x86.Build.0 = Release|Any CPU
		{07052A41-1703-4CB9-812C-A4479C0B5A58}.Debug|Any CPU.ActiveCfg = Debug|Any CPU
		{07052A41-1703-4CB9-812C-A4479C0B5A58}.Debug|Any CPU.Build.0 = Debug|Any CPU
		{07052A41-1703-4CB9-812C-A4479C0B5A58}.Debug|x64.ActiveCfg = Debug|Any CPU
		{07052A41-1703-4CB9-812C-A4479C0B5A58}.Debug|x64.Build.0 = Debug|Any CPU
		{07052A41-1703-4CB9-812C-A4479C0B5A58}.Debug|x86.ActiveCfg = Debug|Any CPU
		{07052A41-1703-4CB9-812C-A4479C0B5A58}.Debug|x86.Build.0 = Debug|Any CPU
		{07052A41-1703-4CB9-812C-A4479C0B5A58}.Release|Any CPU.ActiveCfg = Release|Any CPU
		{07052A41-1703-4CB9-812C-A4479C0B5A58}.Release|Any CPU.Build.0 = Release|Any CPU
		{07052A41-1703-4CB9-812C-A4479C0B5A58}.Release|x64.ActiveCfg = Release|Any CPU
		{07052A41-1703-4CB9-812C-A4479C0B5A58}.Release|x64.Build.0 = Release|Any CPU
		{07052A41-1703-4CB9-812C-A4479C0B5A58}.Release|x86.ActiveCfg = Release|Any CPU
		{07052A41-1703-4CB9-812C-A4479C0B5A58}.Release|x86.Build.0 = Release|Any CPU
	EndGlobalSection
EndGlobal
